
Microsoft Visual Studio Solution File, Format Version 12.00
# Visual Studio Version 17
VisualStudioVersion = 17.7.34031.279
MinimumVisualStudioVersion = 10.0.40219.1
Project("{9A19103F-16F7-4668-BE54-9A1E7A4F7556}") = "MakeUp", "ElectronicsStore\MakeUp.csproj", "{FA24C3BC-83CA-4A21-A2EF-892DD42896AF}"
EndProject
Project("{9A19103F-16F7-4668-BE54-9A1E7A4F7556}") = "Core", "Core\Core.csproj", "{2A1A56B2-CABD-4E42-9CDA-8172A36B43FC}"
EndProject
Project("{9A19103F-16F7-4668-BE54-9A1E7A4F7556}") = "Infastructure", "Infastructure\Infastructure.csproj", "{6618EB3F-AD08-4DD7-AB85-5C6A550956FA}"
EndProject
Global
	GlobalSection(SolutionConfigurationPlatforms) = preSolution
		Debug|Any CPU = Debug|Any CPU
		Release|Any CPU = Release|Any CPU
	EndGlobalSection
	GlobalSection(ProjectConfigurationPlatforms) = postSolution
		{FA24C3BC-83CA-4A21-A2EF-892DD42896AF}.Debug|Any CPU.ActiveCfg = Debug|Any CPU
		{FA24C3BC-83CA-4A21-A2EF-892DD42896AF}.Debug|Any CPU.Build.0 = Debug|Any CPU
		{FA24C3BC-83CA-4A21-A2EF-892DD42896AF}.Release|Any CPU.ActiveCfg = Release|Any CPU
		{FA24C3BC-83CA-4A21-A2EF-892DD42896AF}.Release|Any CPU.Build.0 = Release|Any CPU
		{2A1A56B2-CABD-4E42-9CDA-8172A36B43FC}.Debug|Any CPU.ActiveCfg = Debug|Any CPU
		{2A1A56B2-CABD-4E42-9CDA-8172A36B43FC}.Debug|Any CPU.Build.0 = Debug|Any CPU
		{2A1A56B2-CABD-4E42-9CDA-8172A36B43FC}.Release|Any CPU.ActiveCfg = Release|Any CPU
		{2A1A56B2-CABD-4E42-9CDA-8172A36B43FC}.Release|Any CPU.Build.0 = Release|Any CPU
		{6618EB3F-AD08-4DD7-AB85-5C6A550956FA}.Debug|Any CPU.ActiveCfg = Debug|Any CPU
		{6618EB3F-AD08-4DD7-AB85-5C6A550956FA}.Debug|Any CPU.Build.0 = Debug|Any CPU
		{6618EB3F-AD08-4DD7-AB85-5C6A550956FA}.Release|Any CPU.ActiveCfg = Release|Any CPU
		{6618EB3F-AD08-4DD7-AB85-5C6A550956FA}.Release|Any CPU.Build.0 = Release|Any CPU
	EndGlobalSection
	GlobalSection(SolutionProperties) = preSolution
		HideSolutionNode = FALSE
	EndGlobalSection
	GlobalSection(ExtensibilityGlobals) = postSolution
		SolutionGuid = {D6E42C0B-FED8-4153-94EC-78FD7043EA03}
	EndGlobalSection
EndGlobal
